// !$*UTF8*$!
{
	archiveVersion = 1;
	classes = {
	};
	objectVersion = 56;
	objects = {

/* Begin PBXBuildFile section */
		151D1CB629100EB8000CB8D7 /* AppDelegate.swift in Sources */ = {isa = PBXBuildFile; fileRef = 151D1CB529100EB8000CB8D7 /* AppDelegate.swift */; };
		151D1CB829100EB8000CB8D7 /* MainViewController.swift in Sources */ = {isa = PBXBuildFile; fileRef = 151D1CB729100EB8000CB8D7 /* MainViewController.swift */; };
		151D1CBB29100EB8000CB8D7 /* CleanDay.xcdatamodeld in Sources */ = {isa = PBXBuildFile; fileRef = 151D1CB929100EB8000CB8D7 /* CleanDay.xcdatamodeld */; };
		151D1CBD29100EBA000CB8D7 /* Assets.xcassets in Resources */ = {isa = PBXBuildFile; fileRef = 151D1CBC29100EBA000CB8D7 /* Assets.xcassets */; };
		151D1CC029100EBA000CB8D7 /* Main.storyboard in Resources */ = {isa = PBXBuildFile; fileRef = 151D1CBE29100EBA000CB8D7 /* Main.storyboard */; };
		151D1CCC29101314000CB8D7 /* MainViewControllerModel.swift in Sources */ = {isa = PBXBuildFile; fileRef = 151D1CCB29101314000CB8D7 /* MainViewControllerModel.swift */; };
/* End PBXBuildFile section */

/* Begin PBXFileReference section */
		151D1CB229100EB8000CB8D7 /* CleanDay.app */ = {isa = PBXFileReference; explicitFileType = wrapper.application; includeInIndex = 0; path = CleanDay.app; sourceTree = BUILT_PRODUCTS_DIR; };
		151D1CB529100EB8000CB8D7 /* AppDelegate.swift */ = {isa = PBXFileReference; lastKnownFileType = sourcecode.swift; path = AppDelegate.swift; sourceTree = "<group>"; };
		151D1CB729100EB8000CB8D7 /* MainViewController.swift */ = {isa = PBXFileReference; lastKnownFileType = sourcecode.swift; path = MainViewController.swift; sourceTree = "<group>"; };
		151D1CBA29100EB8000CB8D7 /* CleanDay.xcdatamodel */ = {isa = PBXFileReference; lastKnownFileType = wrapper.xcdatamodel; path = CleanDay.xcdatamodel; sourceTree = "<group>"; };
		151D1CBC29100EBA000CB8D7 /* Assets.xcassets */ = {isa = PBXFileReference; lastKnownFileType = folder.assetcatalog; path = Assets.xcassets; sourceTree = "<group>"; };
		151D1CBF29100EBA000CB8D7 /* Base */ = {isa = PBXFileReference; lastKnownFileType = file.storyboard; name = Base; path = Base.lproj/Main.storyboard; sourceTree = "<group>"; };
		151D1CC129100EBA000CB8D7 /* CleanDay.entitlements */ = {isa = PBXFileReference; lastKnownFileType = text.plist.entitlements; path = CleanDay.entitlements; sourceTree = "<group>"; };
		151D1CCB29101314000CB8D7 /* MainViewControllerModel.swift */ = {isa = PBXFileReference; lastKnownFileType = sourcecode.swift; path = MainViewControllerModel.swift; sourceTree = "<group>"; };
		151D1CD129101860000CB8D7 /* CleanDay-Bridging-Header.h */ = {isa = PBXFileReference; lastKnownFileType = sourcecode.c.h; path = "CleanDay-Bridging-Header.h"; sourceTree = "<group>"; };
/* End PBXFileReference section */

/* Begin PBXFrameworksBuildPhase section */
		151D1CAF29100EB8000CB8D7 /* Frameworks */ = {
			isa = PBXFrameworksBuildPhase;
			buildActionMask = 2147483647;
			files = (
			);
			runOnlyForDeploymentPostprocessing = 0;
		};
/* End PBXFrameworksBuildPhase section */

/* Begin PBXGroup section */
		151D1CA929100EB7000CB8D7 = {
			isa = PBXGroup;
			children = (
				151D1CB429100EB8000CB8D7 /* CleanDay */,
				151D1CB329100EB8000CB8D7 /* Products */,
			);
			sourceTree = "<group>";
		};
		151D1CB329100EB8000CB8D7 /* Products */ = {
			isa = PBXGroup;
			children = (
				151D1CB229100EB8000CB8D7 /* CleanDay.app */,
			);
			name = Products;
			sourceTree = "<group>";
		};
		151D1CB429100EB8000CB8D7 /* CleanDay */ = {
			isa = PBXGroup;
			children = (
				151D1CD129101860000CB8D7 /* CleanDay-Bridging-Header.h */,
				151D1CB529100EB8000CB8D7 /* AppDelegate.swift */,
				151D1CCD2910132A000CB8D7 /* Resources */,
				151D1CCE29101332000CB8D7 /* Frameworks */,
				151D1CC92910118E000CB8D7 /* Data Group */,
				151D1CC72910116E000CB8D7 /* ViewModel Group */,
				151D1CCA291012E9000CB8D7 /* Controller Group */,
				151D1CD02910138B000CB8D7 /* Storyboard Group */,
				151D1CBC29100EBA000CB8D7 /* Assets.xcassets */,
				151D1CBE29100EBA000CB8D7 /* Main.storyboard */,
				151D1CC129100EBA000CB8D7 /* CleanDay.entitlements */,
				151D1CB929100EB8000CB8D7 /* CleanDay.xcdatamodeld */,
			);
			path = CleanDay;
			sourceTree = "<group>";
		};
		151D1CC72910116E000CB8D7 /* ViewModel Group */ = {
			isa = PBXGroup;
			children = (
				151D1CCB29101314000CB8D7 /* MainViewControllerModel.swift */,
			);
			path = "ViewModel Group";
			sourceTree = "<group>";
		};
		151D1CC92910118E000CB8D7 /* Data Group */ = {
			isa = PBXGroup;
			children = (
			);
			path = "Data Group";
			sourceTree = "<group>";
		};
		151D1CCA291012E9000CB8D7 /* Controller Group */ = {
			isa = PBXGroup;
			children = (
				151D1CB729100EB8000CB8D7 /* MainViewController.swift */,
			);
			path = "Controller Group";
			sourceTree = "<group>";
		};
		151D1CCD2910132A000CB8D7 /* Resources */ = {
			isa = PBXGroup;
			children = (
			);
			path = Resources;
			sourceTree = "<group>";
		};
		151D1CCE29101332000CB8D7 /* Frameworks */ = {
			isa = PBXGroup;
			children = (
			);
			path = Frameworks;
			sourceTree = "<group>";
		};
		151D1CD02910138B000CB8D7 /* Storyboard Group */ = {
			isa = PBXGroup;
			children = (
			);
			path = "Storyboard Group";
			sourceTree = "<group>";
		};
/* End PBXGroup section */

/* Begin PBXNativeTarget section */
		151D1CB129100EB8000CB8D7 /* CleanDay */ = {
			isa = PBXNativeTarget;
			buildConfigurationList = 151D1CC429100EBA000CB8D7 /* Build configuration list for PBXNativeTarget "CleanDay" */;
			buildPhases = (
				151D1CAE29100EB8000CB8D7 /* Sources */,
				151D1CAF29100EB8000CB8D7 /* Frameworks */,
				151D1CB029100EB8000CB8D7 /* Resources */,
			);
			buildRules = (
			);
			dependencies = (
			);
			name = CleanDay;
			productName = CleanDay;
			productReference = 151D1CB229100EB8000CB8D7 /* CleanDay.app */;
			productType = "com.apple.product-type.application";
		};
/* End PBXNativeTarget section */

/* Begin PBXProject section */
		151D1CAA29100EB7000CB8D7 /* Project object */ = {
			isa = PBXProject;
			attributes = {
				BuildIndependentTargetsInParallel = 1;
				LastSwiftUpdateCheck = 1400;
				LastUpgradeCheck = 1400;
				TargetAttributes = {
					151D1CB129100EB8000CB8D7 = {
						CreatedOnToolsVersion = 14.0.1;
					};
				};
			};
			buildConfigurationList = 151D1CAD29100EB7000CB8D7 /* Build configuration list for PBXProject "CleanDay" */;
			compatibilityVersion = "Xcode 14.0";
			developmentRegion = en;
			hasScannedForEncodings = 0;
			knownRegions = (
				en,
				Base,
			);
			mainGroup = 151D1CA929100EB7000CB8D7;
			productRefGroup = 151D1CB329100EB8000CB8D7 /* Products */;
			projectDirPath = "";
			projectRoot = "";
			targets = (
				151D1CB129100EB8000CB8D7 /* CleanDay */,
			);
		};
/* End PBXProject section */

/* Begin PBXResourcesBuildPhase section */
		151D1CB029100EB8000CB8D7 /* Resources */ = {
			isa = PBXResourcesBuildPhase;
			buildActionMask = 2147483647;
			files = (
				151D1CBD29100EBA000CB8D7 /* Assets.xcassets in Resources */,
				151D1CC029100EBA000CB8D7 /* Main.storyboard in Resources */,
			);
			runOnlyForDeploymentPostprocessing = 0;
		};
/* End PBXResourcesBuildPhase section */

/* Begin PBXSourcesBuildPhase section */
		151D1CAE29100EB8000CB8D7 /* Sources */ = {
			isa = PBXSourcesBuildPhase;
			buildActionMask = 2147483647;
			files = (
				151D1CB829100EB8000CB8D7 /* MainViewController.swift in Sources */,
				151D1CCC29101314000CB8D7 /* MainViewControllerModel.swift in Sources */,
				151D1CBB29100EB8000CB8D7 /* CleanDay.xcdatamodeld in Sources */,
				151D1CB629100EB8000CB8D7 /* AppDelegate.swift in Sources */,
			);
			runOnlyForDeploymentPostprocessing = 0;
		};
/* End PBXSourcesBuildPhase section */

/* Begin PBXVariantGroup section */
		151D1CBE29100EBA000CB8D7 /* Main.storyboard */ = {
			isa = PBXVariantGroup;
			children = (
				151D1CBF29100EBA000CB8D7 /* Base */,
			);
			name = Main.storyboard;
			sourceTree = "<group>";
		};
/* End PBXVariantGroup section */

/* Begin XCBuildConfiguration section */
		151D1CC229100EBA000CB8D7 /* Debug */ = {
			isa = XCBuildConfiguration;
			buildSettings = {
				ALWAYS_SEARCH_USER_PATHS = NO;
				CLANG_ANALYZER_NONNULL = YES;
				CLANG_ANALYZER_NUMBER_OBJECT_CONVERSION = YES_AGGRESSIVE;
				CLANG_CXX_LANGUAGE_STANDARD = "gnu++20";
				CLANG_ENABLE_MODULES = YES;
				CLANG_ENABLE_OBJC_ARC = YES;
				CLANG_ENABLE_OBJC_WEAK = YES;
				CLANG_WARN_BLOCK_CAPTURE_AUTORELEASING = YES;
				CLANG_WARN_BOOL_CONVERSION = YES;
				CLANG_WARN_COMMA = YES;
				CLANG_WARN_CONSTANT_CONVERSION = YES;
				CLANG_WARN_DEPRECATED_OBJC_IMPLEMENTATIONS = YES;
				CLANG_WARN_DIRECT_OBJC_ISA_USAGE = YES_ERROR;
				CLANG_WARN_DOCUMENTATION_COMMENTS = YES;
				CLANG_WARN_EMPTY_BODY = YES;
				CLANG_WARN_ENUM_CONVERSION = YES;
				CLANG_WARN_INFINITE_RECURSION = YES;
				CLANG_WARN_INT_CONVERSION = YES;
				CLANG_WARN_NON_LITERAL_NULL_CONVERSION = YES;
				CLANG_WARN_OBJC_IMPLICIT_RETAIN_SELF = YES;
				CLANG_WARN_OBJC_LITERAL_CONVERSION = YES;
				CLANG_WARN_OBJC_ROOT_CLASS = YES_ERROR;
				CLANG_WARN_QUOTED_INCLUDE_IN_FRAMEWORK_HEADER = YES;
				CLANG_WARN_RANGE_LOOP_ANALYSIS = YES;
				CLANG_WARN_STRICT_PROTOTYPES = YES;
				CLANG_WARN_SUSPICIOUS_MOVE = YES;
				CLANG_WARN_UNGUARDED_AVAILABILITY = YES_AGGRESSIVE;
				CLANG_WARN_UNREACHABLE_CODE = YES;
				CLANG_WARN__DUPLICATE_METHOD_MATCH = YES;
				COPY_PHASE_STRIP = NO;
				DEBUG_INFORMATION_FORMAT = dwarf;
				ENABLE_STRICT_OBJC_MSGSEND = YES;
				ENABLE_TESTABILITY = YES;
				GCC_C_LANGUAGE_STANDARD = gnu11;
				GCC_DYNAMIC_NO_PIC = NO;
				GCC_NO_COMMON_BLOCKS = YES;
				GCC_OPTIMIZATION_LEVEL = 0;
				GCC_PREPROCESSOR_DEFINITIONS = (
					"DEBUG=1",
					"$(inherited)",
				);
				GCC_WARN_64_TO_32_BIT_CONVERSION = YES;
				GCC_WARN_ABOUT_RETURN_TYPE = YES_ERROR;
				GCC_WARN_UNDECLARED_SELECTOR = YES;
				GCC_WARN_UNINITIALIZED_AUTOS = YES_AGGRESSIVE;
				GCC_WARN_UNUSED_FUNCTION = YES;
				GCC_WARN_UNUSED_VARIABLE = YES;
				MACOSX_DEPLOYMENT_TARGET = 12.3;
				MTL_ENABLE_DEBUG_INFO = INCLUDE_SOURCE;
				MTL_FAST_MATH = YES;
				ONLY_ACTIVE_ARCH = YES;
				SDKROOT = macosx;
				SWIFT_ACTIVE_COMPILATION_CONDITIONS = DEBUG;
				SWIFT_OPTIMIZATION_LEVEL = "-Onone";
			};
			name = Debug;
		};
		151D1CC329100EBA000CB8D7 /* Release */ = {
			isa = XCBuildConfiguration;
			buildSettings = {
				ALWAYS_SEARCH_USER_PATHS = NO;
				CLANG_ANALYZER_NONNULL = YES;
				CLANG_ANALYZER_NUMBER_OBJECT_CONVERSION = YES_AGGRESSIVE;
				CLANG_CXX_LANGUAGE_STANDARD = "gnu++20";
				CLANG_ENABLE_MODULES = YES;
				CLANG_ENABLE_OBJC_ARC = YES;
				CLANG_ENABLE_OBJC_WEAK = YES;
				CLANG_WARN_BLOCK_CAPTURE_AUTORELEASING = YES;
				CLANG_WARN_BOOL_CONVERSION = YES;
				CLANG_WARN_COMMA = YES;
				CLANG_WARN_CONSTANT_CONVERSION = YES;
				CLANG_WARN_DEPRECATED_OBJC_IMPLEMENTATIONS = YES;
				CLANG_WARN_DIRECT_OBJC_ISA_USAGE = YES_ERROR;
				CLANG_WARN_DOCUMENTATION_COMMENTS = YES;
				CLANG_WARN_EMPTY_BODY = YES;
				CLANG_WARN_ENUM_CONVERSION = YES;
				CLANG_WARN_INFINITE_RECURSION = YES;
				CLANG_WARN_INT_CONVERSION = YES;
				CLANG_WARN_NON_LITERAL_NULL_CONVERSION = YES;
				CLANG_WARN_OBJC_IMPLICIT_RETAIN_SELF = YES;
				CLANG_WARN_OBJC_LITERAL_CONVERSION = YES;
				CLANG_WARN_OBJC_ROOT_CLASS = YES_ERROR;
				CLANG_WARN_QUOTED_INCLUDE_IN_FRAMEWORK_HEADER = YES;
				CLANG_WARN_RANGE_LOOP_ANALYSIS = YES;
				CLANG_WARN_STRICT_PROTOTYPES = YES;
				CLANG_WARN_SUSPICIOUS_MOVE = YES;
				CLANG_WARN_UNGUARDED_AVAILABILITY = YES_AGGRESSIVE;
				CLANG_WARN_UNREACHABLE_CODE = YES;
				CLANG_WARN__DUPLICATE_METHOD_MATCH = YES;
				COPY_PHASE_STRIP = NO;
				DEBUG_INFORMATION_FORMAT = "dwarf-with-dsym";
				ENABLE_NS_ASSERTIONS = NO;
				ENABLE_STRICT_OBJC_MSGSEND = YES;
				GCC_C_LANGUAGE_STANDARD = gnu11;
				GCC_NO_COMMON_BLOCKS = YES;
				GCC_WARN_64_TO_32_BIT_CONVERSION = YES;
				GCC_WARN_ABOUT_RETURN_TYPE = YES_ERROR;
				GCC_WARN_UNDECLARED_SELECTOR = YES;
				GCC_WARN_UNINITIALIZED_AUTOS = YES_AGGRESSIVE;
				GCC_WARN_UNUSED_FUNCTION = YES;
				GCC_WARN_UNUSED_VARIABLE = YES;
				MACOSX_DEPLOYMENT_TARGET = 12.3;
				MTL_ENABLE_DEBUG_INFO = NO;
				MTL_FAST_MATH = YES;
				SDKROOT = macosx;
				SWIFT_COMPILATION_MODE = wholemodule;
				SWIFT_OPTIMIZATION_LEVEL = "-O";
			};
			name = Release;
		};
		151D1CC529100EBA000CB8D7 /* Debug */ = {
			isa = XCBuildConfiguration;
			buildSettings = {
				ASSETCATALOG_COMPILER_APPICON_NAME = AppIcon;
				ASSETCATALOG_COMPILER_GLOBAL_ACCENT_COLOR_NAME = AccentColor;
				ASSETCATALOG_COMPILER_INCLUDE_ALL_APPICON_ASSETS = YES;
				CODE_SIGN_ENTITLEMENTS = CleanDay/CleanDay.entitlements;
				CODE_SIGN_STYLE = Automatic;
				COMBINE_HIDPI_IMAGES = YES;
				CURRENT_PROJECT_VERSION = 1;
				DEVELOPMENT_TEAM = G325PL7HW2;
				ENABLE_HARDENED_RUNTIME = YES;
				GENERATE_INFOPLIST_FILE = YES;
				INFOPLIST_KEY_CFBundleDisplayName = "오늘도맑음";
				INFOPLIST_KEY_LSApplicationCategoryType = "public.app-category.weather";
				INFOPLIST_KEY_NSHumanReadableCopyright = "";
				INFOPLIST_KEY_NSMainStoryboardFile = Main;
				INFOPLIST_KEY_NSPrincipalClass = NSApplication;
				INFOPLIST_KEY_UILaunchStoryboardName = Main.storyboard;
				LD_RUNPATH_SEARCH_PATHS = (
					"$(inherited)",
					"@executable_path/../Frameworks",
				);
				MACOSX_DEPLOYMENT_TARGET = 11.0;
				MARKETING_VERSION = 1.0.0.0;
				PRODUCT_BUNDLE_IDENTIFIER = com.ChangYeopYang.CleanDay;
				PRODUCT_NAME = "$(TARGET_NAME)";
				SWIFT_EMIT_LOC_STRINGS = YES;
				SWIFT_OBJC_BRIDGING_HEADER = "CleanDay/CleanDay-Bridging-Header.h";
				SWIFT_VERSION = 5.0;
			};
			name = Debug;
		};
		151D1CC629100EBA000CB8D7 /* Release */ = {
			isa = XCBuildConfiguration;
			buildSettings = {
				ASSETCATALOG_COMPILER_APPICON_NAME = AppIcon;
				ASSETCATALOG_COMPILER_GLOBAL_ACCENT_COLOR_NAME = AccentColor;
				ASSETCATALOG_COMPILER_INCLUDE_ALL_APPICON_ASSETS = YES;
				CODE_SIGN_ENTITLEMENTS = CleanDay/CleanDay.entitlements;
				CODE_SIGN_STYLE = Automatic;
				COMBINE_HIDPI_IMAGES = YES;
				CURRENT_PROJECT_VERSION = 1;
				DEVELOPMENT_TEAM = G325PL7HW2;
				ENABLE_HARDENED_RUNTIME = YES;
				GENERATE_INFOPLIST_FILE = YES;
				INFOPLIST_KEY_CFBundleDisplayName = "오늘도맑음";
				INFOPLIST_KEY_LSApplicationCategoryType = "public.app-category.weather";
				INFOPLIST_KEY_NSHumanReadableCopyright = "";
				INFOPLIST_KEY_NSMainStoryboardFile = Main;
				INFOPLIST_KEY_NSPrincipalClass = NSApplication;
				INFOPLIST_KEY_UILaunchStoryboardName = Main.storyboard;
				LD_RUNPATH_SEARCH_PATHS = (
					"$(inherited)",
					"@executable_path/../Frameworks",
				);
				MACOSX_DEPLOYMENT_TARGET = 11.0;
				MARKETING_VERSION = 1.0.0.0;
				PRODUCT_BUNDLE_IDENTIFIER = com.ChangYeopYang.CleanDay;
				PRODUCT_NAME = "$(TARGET_NAME)";
				SWIFT_EMIT_LOC_STRINGS = YES;
				SWIFT_OBJC_BRIDGING_HEADER = "CleanDay/CleanDay-Bridging-Header.h";
				SWIFT_VERSION = 5.0;
			};
			name = Release;
		};
/* End XCBuildConfiguration section */

/* Begin XCConfigurationList section */
		151D1CAD29100EB7000CB8D7 /* Build configuration list for PBXProject "CleanDay" */ = {
			isa = XCConfigurationList;
			buildConfigurations = (
				151D1CC229100EBA000CB8D7 /* Debug */,
				151D1CC329100EBA000CB8D7 /* Release */,
			);
			defaultConfigurationIsVisible = 0;
			defaultConfigurationName = Release;
		};
		151D1CC429100EBA000CB8D7 /* Build configuration list for PBXNativeTarget "CleanDay" */ = {
			isa = XCConfigurationList;
			buildConfigurations = (
				151D1CC529100EBA000CB8D7 /* Debug */,
				151D1CC629100EBA000CB8D7 /* Release */,
			);
			defaultConfigurationIsVisible = 0;
			defaultConfigurationName = Release;
		};
/* End XCConfigurationList section */

/* Begin XCVersionGroup section */
		151D1CB929100EB8000CB8D7 /* CleanDay.xcdatamodeld */ = {
			isa = XCVersionGroup;
			children = (
				151D1CBA29100EB8000CB8D7 /* CleanDay.xcdatamodel */,
			);
			currentVersion = 151D1CBA29100EB8000CB8D7 /* CleanDay.xcdatamodel */;
			path = CleanDay.xcdatamodeld;
			sourceTree = "<group>";
			versionGroupType = wrapper.xcdatamodel;
		};
/* End XCVersionGroup section */
	};
	rootObject = 151D1CAA29100EB7000CB8D7 /* Project object */;
}
