// !$*UTF8*$!
{
	archiveVersion = 1;
	classes = {
	};
	objectVersion = 56;
	objects = {

/* Begin PBXAggregateTarget section */
		15A304872939E85300A5BCFA /* Preaction-SwiftLint */ = {
			isa = PBXAggregateTarget;
			buildConfigurationList = 15A304882939E85300A5BCFA /* Build configuration list for PBXAggregateTarget "Preaction-SwiftLint" */;
			buildPhases = (
			);
			dependencies = (
			);
			name = "Preaction-SwiftLint";
			productName = "Preaction-SwiftLint";
		};
/* End PBXAggregateTarget section */

/* Begin PBXBuildFile section */
		151D1CB629100EB8000CB8D7 /* AppDelegate.swift in Sources */ = {isa = PBXBuildFile; fileRef = 151D1CB529100EB8000CB8D7 /* AppDelegate.swift */; };
		151D1CB829100EB8000CB8D7 /* ViewController.swift in Sources */ = {isa = PBXBuildFile; fileRef = 151D1CB729100EB8000CB8D7 /* ViewController.swift */; };
		151D1CBB29100EB8000CB8D7 /* CleanDay.xcdatamodeld in Sources */ = {isa = PBXBuildFile; fileRef = 151D1CB929100EB8000CB8D7 /* CleanDay.xcdatamodeld */; };
		151D1CBD29100EBA000CB8D7 /* Assets.xcassets in Resources */ = {isa = PBXBuildFile; fileRef = 151D1CBC29100EBA000CB8D7 /* Assets.xcassets */; };
		151D1CC029100EBA000CB8D7 /* Main.storyboard in Resources */ = {isa = PBXBuildFile; fileRef = 151D1CBE29100EBA000CB8D7 /* Main.storyboard */; };
		151D1CCC29101314000CB8D7 /* ViewControllerModel.swift in Sources */ = {isa = PBXBuildFile; fileRef = 151D1CCB29101314000CB8D7 /* ViewControllerModel.swift */; };
		152CF5EC2918E05100517C02 /* Beltex in Frameworks */ = {isa = PBXBuildFile; productRef = 152CF5EB2918E05100517C02 /* Beltex */; };
		152CF5EE2918E05100517C02 /* SystemKit in Frameworks */ = {isa = PBXBuildFile; productRef = 152CF5ED2918E05100517C02 /* SystemKit */; };
		152CF5F92919066000517C02 /* BaseViewController.swift in Sources */ = {isa = PBXBuildFile; fileRef = 152CF5F82919066000517C02 /* BaseViewController.swift */; };
		152CF5FB2919072000517C02 /* DustModel.swift in Sources */ = {isa = PBXBuildFile; fileRef = 152CF5FA2919072000517C02 /* DustModel.swift */; };
		152CF5FE29194DDA00517C02 /* DustStationModel.swift in Sources */ = {isa = PBXBuildFile; fileRef = 152CF5FD29194DDA00517C02 /* DustStationModel.swift */; };
		1540D3FB2915639B009D7EA6 /* ProjectCommon.swift in Sources */ = {isa = PBXBuildFile; fileRef = 1540D3FA2915639B009D7EA6 /* ProjectCommon.swift */; };
		159FAD7A2923CD110059B6FF /* MeasurementModel.swift in Sources */ = {isa = PBXBuildFile; fileRef = 159FAD792923CD110059B6FF /* MeasurementModel.swift */; };
		15A26BA8292FAFA5004D72D8 /* TextContentsCellView.xib in Resources */ = {isa = PBXBuildFile; fileRef = 15A26BA7292FAFA5004D72D8 /* TextContentsCellView.xib */; };
		15A26BAA292FAFF4004D72D8 /* TextContentsCellView.swift in Sources */ = {isa = PBXBuildFile; fileRef = 15A26BA9292FAFF4004D72D8 /* TextContentsCellView.swift */; };
		15A304822939CE1700A5BCFA /* PreferenceView.swift in Sources */ = {isa = PBXBuildFile; fileRef = 15A304812939CE1700A5BCFA /* PreferenceView.swift */; };
		15A304842939CE5700A5BCFA /* WeatherStateView+Additions.swift in Sources */ = {isa = PBXBuildFile; fileRef = 15A304832939CE5700A5BCFA /* WeatherStateView+Additions.swift */; };
		15A304862939DAAB00A5BCFA /* GraphContentsTableCellView.swift in Sources */ = {isa = PBXBuildFile; fileRef = 15A304852939DAAB00A5BCFA /* GraphContentsTableCellView.swift */; };
		15A3048E2939F10B00A5BCFA /* GraphContentsTableCellView.xib in Resources */ = {isa = PBXBuildFile; fileRef = 15A3048D2939F10B00A5BCFA /* GraphContentsTableCellView.xib */; };
		15A304902939F4B800A5BCFA /* GraphContentsTableCellView+Additions.swift in Sources */ = {isa = PBXBuildFile; fileRef = 15A3048F2939F4B800A5BCFA /* GraphContentsTableCellView+Additions.swift */; };
		15A304922939F4D700A5BCFA /* WeatherStateView.xib in Resources */ = {isa = PBXBuildFile; fileRef = 15A304912939F4D700A5BCFA /* WeatherStateView.xib */; };
		15A304942939F5E700A5BCFA /* TextContents+Additions.swift in Sources */ = {isa = PBXBuildFile; fileRef = 15A304932939F5E700A5BCFA /* TextContents+Additions.swift */; };
		15A3358A293CB74E007443A4 /* CleanDayLibrary in Frameworks */ = {isa = PBXBuildFile; productRef = 15A33589293CB74E007443A4 /* CleanDayLibrary */; };
		15A6302D293F74F900ED938D /* ViewController+Define.swift in Sources */ = {isa = PBXBuildFile; fileRef = 15A6302C293F74F900ED938D /* ViewController+Define.swift */; };
		15A756342934B9FD00F1E1A1 /* ViewController+Delegate.swift in Sources */ = {isa = PBXBuildFile; fileRef = 15A756332934B9FD00F1E1A1 /* ViewController+Delegate.swift */; };
		15A7566E293E1A5400E02163 /* ViewController+Additions.swift in Sources */ = {isa = PBXBuildFile; fileRef = 15A7566D293E1A5400E02163 /* ViewController+Additions.swift */; };
		15A75670293E1C7500E02163 /* ViewControllerModel+Additions.swift in Sources */ = {isa = PBXBuildFile; fileRef = 15A7566F293E1C7500E02163 /* ViewControllerModel+Additions.swift */; };
		15A75672293E1CFE00E02163 /* ViewControllerModel+Delegate.swift in Sources */ = {isa = PBXBuildFile; fileRef = 15A75671293E1CFE00E02163 /* ViewControllerModel+Delegate.swift */; };
		15AFABC52914F83E000DF6BA /* AppDelegate+Additions.swift in Sources */ = {isa = PBXBuildFile; fileRef = 15AFABC42914F83E000DF6BA /* AppDelegate+Additions.swift */; };
		15AFABC62914FFE6000DF6BA /* CoreLocation.framework in Frameworks */ = {isa = PBXBuildFile; fileRef = 15C500A229112EE2009ED8A2 /* CoreLocation.framework */; };
		15B35CAB2917ABCF0015E1A6 /* Parser.swift in Sources */ = {isa = PBXBuildFile; fileRef = 15B35CAA2917ABCF0015E1A6 /* Parser.swift */; };
		15B7F5A2292B826600E3C383 /* ConfigureModel.swift in Sources */ = {isa = PBXBuildFile; fileRef = 15B7F5A1292B826600E3C383 /* ConfigureModel.swift */; };
		15B7F5A4292B8F4A00E3C383 /* BaseViewControllerModel.swift in Sources */ = {isa = PBXBuildFile; fileRef = 15B7F5A3292B8F4A00E3C383 /* BaseViewControllerModel.swift */; };
		15C5F1C1291A8864000C4B6C /* Configure.plist in Resources */ = {isa = PBXBuildFile; fileRef = 15C5F1C0291A8864000C4B6C /* Configure.plist */; };
		15C5F1C5291A9052000C4B6C /* GeographicTransformModel.swift in Sources */ = {isa = PBXBuildFile; fileRef = 15C5F1C3291A9052000C4B6C /* GeographicTransformModel.swift */; };
		15F9D2AC292FC00200F205F8 /* WeatherStateView.swift in Sources */ = {isa = PBXBuildFile; fileRef = 15F9D2AB292FC00200F205F8 /* WeatherStateView.swift */; };
/* End PBXBuildFile section */

/* Begin PBXFileReference section */
		151D1CB229100EB8000CB8D7 /* CleanDay.app */ = {isa = PBXFileReference; explicitFileType = wrapper.application; includeInIndex = 0; path = CleanDay.app; sourceTree = BUILT_PRODUCTS_DIR; };
		151D1CB529100EB8000CB8D7 /* AppDelegate.swift */ = {isa = PBXFileReference; lastKnownFileType = sourcecode.swift; path = AppDelegate.swift; sourceTree = "<group>"; };
		151D1CB729100EB8000CB8D7 /* ViewController.swift */ = {isa = PBXFileReference; lastKnownFileType = sourcecode.swift; path = ViewController.swift; sourceTree = "<group>"; };
		151D1CBA29100EB8000CB8D7 /* CleanDay.xcdatamodel */ = {isa = PBXFileReference; lastKnownFileType = wrapper.xcdatamodel; path = CleanDay.xcdatamodel; sourceTree = "<group>"; };
		151D1CBC29100EBA000CB8D7 /* Assets.xcassets */ = {isa = PBXFileReference; lastKnownFileType = folder.assetcatalog; path = Assets.xcassets; sourceTree = "<group>"; };
		151D1CBF29100EBA000CB8D7 /* Base */ = {isa = PBXFileReference; lastKnownFileType = file.storyboard; name = Base; path = Base.lproj/Main.storyboard; sourceTree = "<group>"; };
		151D1CC129100EBA000CB8D7 /* CleanDay.entitlements */ = {isa = PBXFileReference; lastKnownFileType = text.plist.entitlements; path = CleanDay.entitlements; sourceTree = "<group>"; };
		151D1CCB29101314000CB8D7 /* ViewControllerModel.swift */ = {isa = PBXFileReference; lastKnownFileType = sourcecode.swift; path = ViewControllerModel.swift; sourceTree = "<group>"; };
		151D1CD129101860000CB8D7 /* CleanDay-Bridging-Header.h */ = {isa = PBXFileReference; lastKnownFileType = sourcecode.c.h; path = "CleanDay-Bridging-Header.h"; sourceTree = "<group>"; };
		152CF5EA2918E01000517C02 /* Universal-SystemKit */ = {isa = PBXFileReference; lastKnownFileType = wrapper; name = "Universal-SystemKit"; path = "../../Universal-SystemKit"; sourceTree = "<group>"; };
		152CF5F82919066000517C02 /* BaseViewController.swift */ = {isa = PBXFileReference; lastKnownFileType = sourcecode.swift; path = BaseViewController.swift; sourceTree = "<group>"; };
		152CF5FA2919072000517C02 /* DustModel.swift */ = {isa = PBXFileReference; lastKnownFileType = sourcecode.swift; path = DustModel.swift; sourceTree = "<group>"; };
		152CF5FD29194DDA00517C02 /* DustStationModel.swift */ = {isa = PBXFileReference; lastKnownFileType = sourcecode.swift; path = DustStationModel.swift; sourceTree = "<group>"; };
		1540D3FA2915639B009D7EA6 /* ProjectCommon.swift */ = {isa = PBXFileReference; lastKnownFileType = sourcecode.swift; path = ProjectCommon.swift; sourceTree = "<group>"; };
		159FAD792923CD110059B6FF /* MeasurementModel.swift */ = {isa = PBXFileReference; lastKnownFileType = sourcecode.swift; path = MeasurementModel.swift; sourceTree = "<group>"; };
		15A26BA7292FAFA5004D72D8 /* TextContentsCellView.xib */ = {isa = PBXFileReference; lastKnownFileType = file.xib; path = TextContentsCellView.xib; sourceTree = "<group>"; };
		15A26BA9292FAFF4004D72D8 /* TextContentsCellView.swift */ = {isa = PBXFileReference; lastKnownFileType = sourcecode.swift; path = TextContentsCellView.swift; sourceTree = "<group>"; };
		15A304812939CE1700A5BCFA /* PreferenceView.swift */ = {isa = PBXFileReference; lastKnownFileType = sourcecode.swift; path = PreferenceView.swift; sourceTree = "<group>"; };
		15A304832939CE5700A5BCFA /* WeatherStateView+Additions.swift */ = {isa = PBXFileReference; lastKnownFileType = sourcecode.swift; path = "WeatherStateView+Additions.swift"; sourceTree = "<group>"; };
		15A304852939DAAB00A5BCFA /* GraphContentsTableCellView.swift */ = {isa = PBXFileReference; lastKnownFileType = sourcecode.swift; path = GraphContentsTableCellView.swift; sourceTree = "<group>"; };
		15A3048D2939F10B00A5BCFA /* GraphContentsTableCellView.xib */ = {isa = PBXFileReference; lastKnownFileType = file.xib; path = GraphContentsTableCellView.xib; sourceTree = "<group>"; };
		15A3048F2939F4B800A5BCFA /* GraphContentsTableCellView+Additions.swift */ = {isa = PBXFileReference; lastKnownFileType = sourcecode.swift; path = "GraphContentsTableCellView+Additions.swift"; sourceTree = "<group>"; };
		15A304912939F4D700A5BCFA /* WeatherStateView.xib */ = {isa = PBXFileReference; lastKnownFileType = file.xib; path = WeatherStateView.xib; sourceTree = "<group>"; };
		15A304932939F5E700A5BCFA /* TextContents+Additions.swift */ = {isa = PBXFileReference; lastKnownFileType = sourcecode.swift; path = "TextContents+Additions.swift"; sourceTree = "<group>"; };
		15A33588293CB739007443A4 /* CleanDayLibrary */ = {isa = PBXFileReference; lastKnownFileType = wrapper; name = CleanDayLibrary; path = ../CleanDayLibrary; sourceTree = "<group>"; };
		15A6302C293F74F900ED938D /* ViewController+Define.swift */ = {isa = PBXFileReference; lastKnownFileType = sourcecode.swift; path = "ViewController+Define.swift"; sourceTree = "<group>"; };
		15A756332934B9FD00F1E1A1 /* ViewController+Delegate.swift */ = {isa = PBXFileReference; lastKnownFileType = sourcecode.swift; path = "ViewController+Delegate.swift"; sourceTree = "<group>"; };
		15A7566D293E1A5400E02163 /* ViewController+Additions.swift */ = {isa = PBXFileReference; lastKnownFileType = sourcecode.swift; path = "ViewController+Additions.swift"; sourceTree = "<group>"; };
		15A7566F293E1C7500E02163 /* ViewControllerModel+Additions.swift */ = {isa = PBXFileReference; lastKnownFileType = sourcecode.swift; path = "ViewControllerModel+Additions.swift"; sourceTree = "<group>"; };
		15A75671293E1CFE00E02163 /* ViewControllerModel+Delegate.swift */ = {isa = PBXFileReference; lastKnownFileType = sourcecode.swift; path = "ViewControllerModel+Delegate.swift"; sourceTree = "<group>"; };
		15AFABC42914F83E000DF6BA /* AppDelegate+Additions.swift */ = {isa = PBXFileReference; lastKnownFileType = sourcecode.swift; path = "AppDelegate+Additions.swift"; sourceTree = "<group>"; };
		15B2CFC6291A6706009A65A4 /* [에어코리아] 측정소정보 조회 서비스 기술문서.docx */ = {isa = PBXFileReference; lastKnownFileType = file; path = "[에어코리아] 측정소정보 조회 서비스 기술문서.docx"; sourceTree = "<group>"; };
		15B2CFC7291A6706009A65A4 /* [에어코리아] 대기오염정보 조회 서비스 기술문서.docx */ = {isa = PBXFileReference; lastKnownFileType = file; path = "[에어코리아] 대기오염정보 조회 서비스 기술문서.docx"; sourceTree = "<group>"; };
		15B35CAA2917ABCF0015E1A6 /* Parser.swift */ = {isa = PBXFileReference; lastKnownFileType = sourcecode.swift; path = Parser.swift; sourceTree = "<group>"; };
		15B7F5A1292B826600E3C383 /* ConfigureModel.swift */ = {isa = PBXFileReference; fileEncoding = 4; lastKnownFileType = sourcecode.swift; path = ConfigureModel.swift; sourceTree = "<group>"; };
		15B7F5A3292B8F4A00E3C383 /* BaseViewControllerModel.swift */ = {isa = PBXFileReference; lastKnownFileType = sourcecode.swift; path = BaseViewControllerModel.swift; sourceTree = "<group>"; };
		15C500A1291124C3009ED8A2 /* Info.plist */ = {isa = PBXFileReference; lastKnownFileType = text.plist; path = Info.plist; sourceTree = "<group>"; };
		15C500A229112EE2009ED8A2 /* CoreLocation.framework */ = {isa = PBXFileReference; lastKnownFileType = wrapper.framework; name = CoreLocation.framework; path = System/Library/Frameworks/CoreLocation.framework; sourceTree = SDKROOT; };
		15C5F1C0291A8864000C4B6C /* Configure.plist */ = {isa = PBXFileReference; lastKnownFileType = text.plist.xml; path = Configure.plist; sourceTree = "<group>"; };
		15C5F1C3291A9052000C4B6C /* GeographicTransformModel.swift */ = {isa = PBXFileReference; fileEncoding = 4; lastKnownFileType = sourcecode.swift; path = GeographicTransformModel.swift; sourceTree = "<group>"; };
		15F9D2AB292FC00200F205F8 /* WeatherStateView.swift */ = {isa = PBXFileReference; lastKnownFileType = sourcecode.swift; path = WeatherStateView.swift; sourceTree = "<group>"; };
/* End PBXFileReference section */

/* Begin PBXFrameworksBuildPhase section */
		151D1CAF29100EB8000CB8D7 /* Frameworks */ = {
			isa = PBXFrameworksBuildPhase;
			buildActionMask = 2147483647;
			files = (
				152CF5EC2918E05100517C02 /* Beltex in Frameworks */,
				15A3358A293CB74E007443A4 /* CleanDayLibrary in Frameworks */,
				152CF5EE2918E05100517C02 /* SystemKit in Frameworks */,
				15AFABC62914FFE6000DF6BA /* CoreLocation.framework in Frameworks */,
			);
			runOnlyForDeploymentPostprocessing = 0;
		};
/* End PBXFrameworksBuildPhase section */

/* Begin PBXGroup section */
		151D1CA929100EB7000CB8D7 = {
			isa = PBXGroup;
			children = (
				151D1CB429100EB8000CB8D7 /* CleanDay */,
				151D1CB329100EB8000CB8D7 /* Products */,
				15A81448291122C700AB5B03 /* Frameworks */,
			);
			sourceTree = "<group>";
		};
		151D1CB329100EB8000CB8D7 /* Products */ = {
			isa = PBXGroup;
			children = (
				151D1CB229100EB8000CB8D7 /* CleanDay.app */,
			);
			name = Products;
			sourceTree = "<group>";
		};
		151D1CB429100EB8000CB8D7 /* CleanDay */ = {
			isa = PBXGroup;
			children = (
				15C500A1291124C3009ED8A2 /* Info.plist */,
				151D1CD129101860000CB8D7 /* CleanDay-Bridging-Header.h */,
				151D1CB529100EB8000CB8D7 /* AppDelegate.swift */,
				15AFABC42914F83E000DF6BA /* AppDelegate+Additions.swift */,
				15B35CA92917ABB90015E1A6 /* Utility */,
				15A26BA6292FAF2A004D72D8 /* View */,
				1540D3F929156321009D7EA6 /* Model */,
				151D1CC72910116E000CB8D7 /* ViewModel */,
				151D1CCA291012E9000CB8D7 /* ViewController */,
				152CF5FC29194D2D00517C02 /* Resources */,
				151D1CBC29100EBA000CB8D7 /* Assets.xcassets */,
				151D1CBE29100EBA000CB8D7 /* Main.storyboard */,
				151D1CC129100EBA000CB8D7 /* CleanDay.entitlements */,
				151D1CB929100EB8000CB8D7 /* CleanDay.xcdatamodeld */,
			);
			path = CleanDay;
			sourceTree = "<group>";
		};
		151D1CC72910116E000CB8D7 /* ViewModel */ = {
			isa = PBXGroup;
			children = (
				15B7F5A3292B8F4A00E3C383 /* BaseViewControllerModel.swift */,
				151D1CCB29101314000CB8D7 /* ViewControllerModel.swift */,
				15A75671293E1CFE00E02163 /* ViewControllerModel+Delegate.swift */,
				15A7566F293E1C7500E02163 /* ViewControllerModel+Additions.swift */,
			);
			path = ViewModel;
			sourceTree = "<group>";
		};
		151D1CCA291012E9000CB8D7 /* ViewController */ = {
			isa = PBXGroup;
			children = (
				152CF5F82919066000517C02 /* BaseViewController.swift */,
				151D1CB729100EB8000CB8D7 /* ViewController.swift */,
				15A6302C293F74F900ED938D /* ViewController+Define.swift */,
				15A7566D293E1A5400E02163 /* ViewController+Additions.swift */,
				15A756332934B9FD00F1E1A1 /* ViewController+Delegate.swift */,
			);
			path = ViewController;
			sourceTree = "<group>";
		};
		152CF5FC29194D2D00517C02 /* Resources */ = {
			isa = PBXGroup;
			children = (
				15C5F1C0291A8864000C4B6C /* Configure.plist */,
				15B2CFC7291A6706009A65A4 /* [에어코리아] 대기오염정보 조회 서비스 기술문서.docx */,
				15B2CFC6291A6706009A65A4 /* [에어코리아] 측정소정보 조회 서비스 기술문서.docx */,
			);
			path = Resources;
			sourceTree = "<group>";
		};
		1540D3F929156321009D7EA6 /* Model */ = {
			isa = PBXGroup;
			children = (
				15B7F5A1292B826600E3C383 /* ConfigureModel.swift */,
				152CF5FA2919072000517C02 /* DustModel.swift */,
				152CF5FD29194DDA00517C02 /* DustStationModel.swift */,
				159FAD792923CD110059B6FF /* MeasurementModel.swift */,
				15C5F1C3291A9052000C4B6C /* GeographicTransformModel.swift */,
			);
			path = Model;
			sourceTree = "<group>";
		};
		15A26BA6292FAF2A004D72D8 /* View */ = {
			isa = PBXGroup;
			children = (
				15A304812939CE1700A5BCFA /* PreferenceView.swift */,
				15A26BA7292FAFA5004D72D8 /* TextContentsCellView.xib */,
				15A26BA9292FAFF4004D72D8 /* TextContentsCellView.swift */,
				15A304932939F5E700A5BCFA /* TextContents+Additions.swift */,
				15A304912939F4D700A5BCFA /* WeatherStateView.xib */,
				15F9D2AB292FC00200F205F8 /* WeatherStateView.swift */,
				15A304832939CE5700A5BCFA /* WeatherStateView+Additions.swift */,
				15A3048D2939F10B00A5BCFA /* GraphContentsTableCellView.xib */,
				15A304852939DAAB00A5BCFA /* GraphContentsTableCellView.swift */,
				15A3048F2939F4B800A5BCFA /* GraphContentsTableCellView+Additions.swift */,
			);
			path = View;
			sourceTree = "<group>";
		};
		15A81448291122C700AB5B03 /* Frameworks */ = {
			isa = PBXGroup;
			children = (
				15A33588293CB739007443A4 /* CleanDayLibrary */,
				152CF5EA2918E01000517C02 /* Universal-SystemKit */,
				15C500A229112EE2009ED8A2 /* CoreLocation.framework */,
			);
			name = Frameworks;
			sourceTree = "<group>";
		};
		15B35CA92917ABB90015E1A6 /* Utility */ = {
			isa = PBXGroup;
			children = (
				15B35CAA2917ABCF0015E1A6 /* Parser.swift */,
				1540D3FA2915639B009D7EA6 /* ProjectCommon.swift */,
			);
			path = Utility;
			sourceTree = "<group>";
		};
/* End PBXGroup section */

/* Begin PBXNativeTarget section */
		151D1CB129100EB8000CB8D7 /* CleanDay */ = {
			isa = PBXNativeTarget;
			buildConfigurationList = 151D1CC429100EBA000CB8D7 /* Build configuration list for PBXNativeTarget "CleanDay" */;
			buildPhases = (
				151D1CAE29100EB8000CB8D7 /* Sources */,
				151D1CAF29100EB8000CB8D7 /* Frameworks */,
				151D1CB029100EB8000CB8D7 /* Resources */,
			);
			buildRules = (
			);
			dependencies = (
			);
			name = CleanDay;
			packageProductDependencies = (
				152CF5EB2918E05100517C02 /* Beltex */,
				152CF5ED2918E05100517C02 /* SystemKit */,
				15A33589293CB74E007443A4 /* CleanDayLibrary */,
			);
			productName = CleanDay;
			productReference = 151D1CB229100EB8000CB8D7 /* CleanDay.app */;
			productType = "com.apple.product-type.application";
		};
/* End PBXNativeTarget section */

/* Begin PBXProject section */
		151D1CAA29100EB7000CB8D7 /* Project object */ = {
			isa = PBXProject;
			attributes = {
				BuildIndependentTargetsInParallel = 1;
				LastSwiftUpdateCheck = 1400;
				LastUpgradeCheck = 1400;
				TargetAttributes = {
					151D1CB129100EB8000CB8D7 = {
						CreatedOnToolsVersion = 14.0.1;
					};
					15A304872939E85300A5BCFA = {
						CreatedOnToolsVersion = 14.1;
					};
				};
			};
			buildConfigurationList = 151D1CAD29100EB7000CB8D7 /* Build configuration list for PBXProject "CleanDay" */;
			compatibilityVersion = "Xcode 14.0";
			developmentRegion = en;
			hasScannedForEncodings = 0;
			knownRegions = (
				en,
				Base,
				ko,
			);
			mainGroup = 151D1CA929100EB7000CB8D7;
			packageReferences = (
			);
			productRefGroup = 151D1CB329100EB8000CB8D7 /* Products */;
			projectDirPath = "";
			projectRoot = "";
			targets = (
				151D1CB129100EB8000CB8D7 /* CleanDay */,
				15A304872939E85300A5BCFA /* Preaction-SwiftLint */,
			);
		};
/* End PBXProject section */

/* Begin PBXResourcesBuildPhase section */
		151D1CB029100EB8000CB8D7 /* Resources */ = {
			isa = PBXResourcesBuildPhase;
			buildActionMask = 2147483647;
			files = (
				15C5F1C1291A8864000C4B6C /* Configure.plist in Resources */,
				151D1CBD29100EBA000CB8D7 /* Assets.xcassets in Resources */,
				15A26BA8292FAFA5004D72D8 /* TextContentsCellView.xib in Resources */,
				15A3048E2939F10B00A5BCFA /* GraphContentsTableCellView.xib in Resources */,
				15A304922939F4D700A5BCFA /* WeatherStateView.xib in Resources */,
				151D1CC029100EBA000CB8D7 /* Main.storyboard in Resources */,
			);
			runOnlyForDeploymentPostprocessing = 0;
		};
/* End PBXResourcesBuildPhase section */

/* Begin PBXSourcesBuildPhase section */
		151D1CAE29100EB8000CB8D7 /* Sources */ = {
			isa = PBXSourcesBuildPhase;
			buildActionMask = 2147483647;
			files = (
				15B7F5A4292B8F4A00E3C383 /* BaseViewControllerModel.swift in Sources */,
				15B35CAB2917ABCF0015E1A6 /* Parser.swift in Sources */,
				15A7566E293E1A5400E02163 /* ViewController+Additions.swift in Sources */,
				151D1CB829100EB8000CB8D7 /* ViewController.swift in Sources */,
				15A304822939CE1700A5BCFA /* PreferenceView.swift in Sources */,
				151D1CCC29101314000CB8D7 /* ViewControllerModel.swift in Sources */,
				151D1CBB29100EB8000CB8D7 /* CleanDay.xcdatamodeld in Sources */,
				15C5F1C5291A9052000C4B6C /* GeographicTransformModel.swift in Sources */,
				15F9D2AC292FC00200F205F8 /* WeatherStateView.swift in Sources */,
				15A26BAA292FAFF4004D72D8 /* TextContentsCellView.swift in Sources */,
				15A304942939F5E700A5BCFA /* TextContents+Additions.swift in Sources */,
				15A756342934B9FD00F1E1A1 /* ViewController+Delegate.swift in Sources */,
				15A304902939F4B800A5BCFA /* GraphContentsTableCellView+Additions.swift in Sources */,
				15A75670293E1C7500E02163 /* ViewControllerModel+Additions.swift in Sources */,
				152CF5FB2919072000517C02 /* DustModel.swift in Sources */,
				152CF5F92919066000517C02 /* BaseViewController.swift in Sources */,
				159FAD7A2923CD110059B6FF /* MeasurementModel.swift in Sources */,
				15A304842939CE5700A5BCFA /* WeatherStateView+Additions.swift in Sources */,
				15A75672293E1CFE00E02163 /* ViewControllerModel+Delegate.swift in Sources */,
				15AFABC52914F83E000DF6BA /* AppDelegate+Additions.swift in Sources */,
				151D1CB629100EB8000CB8D7 /* AppDelegate.swift in Sources */,
				15A6302D293F74F900ED938D /* ViewController+Define.swift in Sources */,
				152CF5FE29194DDA00517C02 /* DustStationModel.swift in Sources */,
				15A304862939DAAB00A5BCFA /* GraphContentsTableCellView.swift in Sources */,
				15B7F5A2292B826600E3C383 /* ConfigureModel.swift in Sources */,
				1540D3FB2915639B009D7EA6 /* ProjectCommon.swift in Sources */,
			);
			runOnlyForDeploymentPostprocessing = 0;
		};
/* End PBXSourcesBuildPhase section */

/* Begin PBXVariantGroup section */
		151D1CBE29100EBA000CB8D7 /* Main.storyboard */ = {
			isa = PBXVariantGroup;
			children = (
				151D1CBF29100EBA000CB8D7 /* Base */,
			);
			name = Main.storyboard;
			sourceTree = "<group>";
		};
/* End PBXVariantGroup section */

/* Begin XCBuildConfiguration section */
		151D1CC229100EBA000CB8D7 /* Debug */ = {
			isa = XCBuildConfiguration;
			buildSettings = {
				ALWAYS_SEARCH_USER_PATHS = NO;
				CLANG_ANALYZER_LOCALIZABILITY_NONLOCALIZED = YES;
				CLANG_ANALYZER_NONNULL = YES;
				CLANG_ANALYZER_NUMBER_OBJECT_CONVERSION = YES_AGGRESSIVE;
				CLANG_CXX_LANGUAGE_STANDARD = "gnu++20";
				CLANG_ENABLE_MODULES = YES;
				CLANG_ENABLE_OBJC_ARC = YES;
				CLANG_ENABLE_OBJC_WEAK = YES;
				CLANG_WARN_BLOCK_CAPTURE_AUTORELEASING = YES;
				CLANG_WARN_BOOL_CONVERSION = YES;
				CLANG_WARN_COMMA = YES;
				CLANG_WARN_CONSTANT_CONVERSION = YES;
				CLANG_WARN_DEPRECATED_OBJC_IMPLEMENTATIONS = YES;
				CLANG_WARN_DIRECT_OBJC_ISA_USAGE = YES_ERROR;
				CLANG_WARN_DOCUMENTATION_COMMENTS = YES;
				CLANG_WARN_EMPTY_BODY = YES;
				CLANG_WARN_ENUM_CONVERSION = YES;
				CLANG_WARN_INFINITE_RECURSION = YES;
				CLANG_WARN_INT_CONVERSION = YES;
				CLANG_WARN_NON_LITERAL_NULL_CONVERSION = YES;
				CLANG_WARN_OBJC_IMPLICIT_RETAIN_SELF = YES;
				CLANG_WARN_OBJC_LITERAL_CONVERSION = YES;
				CLANG_WARN_OBJC_ROOT_CLASS = YES_ERROR;
				CLANG_WARN_QUOTED_INCLUDE_IN_FRAMEWORK_HEADER = YES;
				CLANG_WARN_RANGE_LOOP_ANALYSIS = YES;
				CLANG_WARN_STRICT_PROTOTYPES = YES;
				CLANG_WARN_SUSPICIOUS_MOVE = YES;
				CLANG_WARN_UNGUARDED_AVAILABILITY = YES_AGGRESSIVE;
				CLANG_WARN_UNREACHABLE_CODE = YES;
				CLANG_WARN__DUPLICATE_METHOD_MATCH = YES;
				COPY_PHASE_STRIP = NO;
				DEBUG_INFORMATION_FORMAT = dwarf;
				ENABLE_STRICT_OBJC_MSGSEND = YES;
				ENABLE_TESTABILITY = YES;
				GCC_C_LANGUAGE_STANDARD = gnu11;
				GCC_DYNAMIC_NO_PIC = NO;
				GCC_NO_COMMON_BLOCKS = YES;
				GCC_OPTIMIZATION_LEVEL = 0;
				GCC_PREPROCESSOR_DEFINITIONS = (
					"DEBUG=1",
					"$(inherited)",
				);
				GCC_WARN_64_TO_32_BIT_CONVERSION = YES;
				GCC_WARN_ABOUT_RETURN_TYPE = YES_ERROR;
				GCC_WARN_UNDECLARED_SELECTOR = YES;
				GCC_WARN_UNINITIALIZED_AUTOS = YES_AGGRESSIVE;
				GCC_WARN_UNUSED_FUNCTION = YES;
				GCC_WARN_UNUSED_VARIABLE = YES;
				MACOSX_DEPLOYMENT_TARGET = 13.0;
				MTL_ENABLE_DEBUG_INFO = INCLUDE_SOURCE;
				MTL_FAST_MATH = YES;
				ONLY_ACTIVE_ARCH = YES;
				SDKROOT = macosx;
				SWIFT_ACTIVE_COMPILATION_CONDITIONS = DEBUG;
				SWIFT_OPTIMIZATION_LEVEL = "-Onone";
			};
			name = Debug;
		};
		151D1CC329100EBA000CB8D7 /* Release */ = {
			isa = XCBuildConfiguration;
			buildSettings = {
				ALWAYS_SEARCH_USER_PATHS = NO;
				CLANG_ANALYZER_LOCALIZABILITY_NONLOCALIZED = YES;
				CLANG_ANALYZER_NONNULL = YES;
				CLANG_ANALYZER_NUMBER_OBJECT_CONVERSION = YES_AGGRESSIVE;
				CLANG_CXX_LANGUAGE_STANDARD = "gnu++20";
				CLANG_ENABLE_MODULES = YES;
				CLANG_ENABLE_OBJC_ARC = YES;
				CLANG_ENABLE_OBJC_WEAK = YES;
				CLANG_WARN_BLOCK_CAPTURE_AUTORELEASING = YES;
				CLANG_WARN_BOOL_CONVERSION = YES;
				CLANG_WARN_COMMA = YES;
				CLANG_WARN_CONSTANT_CONVERSION = YES;
				CLANG_WARN_DEPRECATED_OBJC_IMPLEMENTATIONS = YES;
				CLANG_WARN_DIRECT_OBJC_ISA_USAGE = YES_ERROR;
				CLANG_WARN_DOCUMENTATION_COMMENTS = YES;
				CLANG_WARN_EMPTY_BODY = YES;
				CLANG_WARN_ENUM_CONVERSION = YES;
				CLANG_WARN_INFINITE_RECURSION = YES;
				CLANG_WARN_INT_CONVERSION = YES;
				CLANG_WARN_NON_LITERAL_NULL_CONVERSION = YES;
				CLANG_WARN_OBJC_IMPLICIT_RETAIN_SELF = YES;
				CLANG_WARN_OBJC_LITERAL_CONVERSION = YES;
				CLANG_WARN_OBJC_ROOT_CLASS = YES_ERROR;
				CLANG_WARN_QUOTED_INCLUDE_IN_FRAMEWORK_HEADER = YES;
				CLANG_WARN_RANGE_LOOP_ANALYSIS = YES;
				CLANG_WARN_STRICT_PROTOTYPES = YES;
				CLANG_WARN_SUSPICIOUS_MOVE = YES;
				CLANG_WARN_UNGUARDED_AVAILABILITY = YES_AGGRESSIVE;
				CLANG_WARN_UNREACHABLE_CODE = YES;
				CLANG_WARN__DUPLICATE_METHOD_MATCH = YES;
				COPY_PHASE_STRIP = NO;
				DEBUG_INFORMATION_FORMAT = "dwarf-with-dsym";
				ENABLE_NS_ASSERTIONS = NO;
				ENABLE_STRICT_OBJC_MSGSEND = YES;
				GCC_C_LANGUAGE_STANDARD = gnu11;
				GCC_NO_COMMON_BLOCKS = YES;
				GCC_WARN_64_TO_32_BIT_CONVERSION = YES;
				GCC_WARN_ABOUT_RETURN_TYPE = YES_ERROR;
				GCC_WARN_UNDECLARED_SELECTOR = YES;
				GCC_WARN_UNINITIALIZED_AUTOS = YES_AGGRESSIVE;
				GCC_WARN_UNUSED_FUNCTION = YES;
				GCC_WARN_UNUSED_VARIABLE = YES;
				MACOSX_DEPLOYMENT_TARGET = 13.0;
				MTL_ENABLE_DEBUG_INFO = NO;
				MTL_FAST_MATH = YES;
				SDKROOT = macosx;
				SWIFT_COMPILATION_MODE = wholemodule;
				SWIFT_OPTIMIZATION_LEVEL = "-O";
			};
			name = Release;
		};
		151D1CC529100EBA000CB8D7 /* Debug */ = {
			isa = XCBuildConfiguration;
			buildSettings = {
				ASSETCATALOG_COMPILER_APPICON_NAME = AppIcon;
				ASSETCATALOG_COMPILER_GLOBAL_ACCENT_COLOR_NAME = AccentColor;
				ASSETCATALOG_COMPILER_INCLUDE_ALL_APPICON_ASSETS = YES;
				CODE_SIGN_ENTITLEMENTS = CleanDay/CleanDay.entitlements;
				"CODE_SIGN_IDENTITY[sdk=macosx*]" = "Apple Development";
				CODE_SIGN_STYLE = Automatic;
				COMBINE_HIDPI_IMAGES = YES;
				CURRENT_PROJECT_VERSION = 1;
				DEVELOPMENT_TEAM = G325PL7HW2;
				ENABLE_HARDENED_RUNTIME = YES;
				GENERATE_INFOPLIST_FILE = YES;
				INFOPLIST_FILE = CleanDay/Info.plist;
				INFOPLIST_KEY_CFBundleDisplayName = "오늘도맑음";
				INFOPLIST_KEY_LSApplicationCategoryType = "public.app-category.weather";
				INFOPLIST_KEY_LSUIElement = YES;
				INFOPLIST_KEY_NSHumanReadableCopyright = "";
				INFOPLIST_KEY_NSLocationAlwaysAndWhenInUseUsageDescription = "오늘도맑음";
				INFOPLIST_KEY_NSLocationUsageDescription = "오늘도맑음";
				INFOPLIST_KEY_NSLocationWhenInUseUsageDescription = "오늘도맑음";
				INFOPLIST_KEY_NSMainStoryboardFile = Main;
				INFOPLIST_KEY_NSPrincipalClass = NSApplication;
				INFOPLIST_KEY_UILaunchStoryboardName = Main.storyboard;
				LD_RUNPATH_SEARCH_PATHS = (
					"$(inherited)",
					"@executable_path/../Frameworks",
				);
				MACOSX_DEPLOYMENT_TARGET = 13.0;
				MARKETING_VERSION = 1.0.0.0;
				PRODUCT_BUNDLE_IDENTIFIER = com.ChangYeopYang.CleanDay;
				PRODUCT_NAME = "$(TARGET_NAME)";
				SWIFT_EMIT_LOC_STRINGS = YES;
				SWIFT_OBJC_BRIDGING_HEADER = "CleanDay/CleanDay-Bridging-Header.h";
				SWIFT_VERSION = 5.0;
			};
			name = Debug;
		};
		151D1CC629100EBA000CB8D7 /* Release */ = {
			isa = XCBuildConfiguration;
			buildSettings = {
				ASSETCATALOG_COMPILER_APPICON_NAME = AppIcon;
				ASSETCATALOG_COMPILER_GLOBAL_ACCENT_COLOR_NAME = AccentColor;
				ASSETCATALOG_COMPILER_INCLUDE_ALL_APPICON_ASSETS = YES;
				CODE_SIGN_ENTITLEMENTS = CleanDay/CleanDay.entitlements;
				"CODE_SIGN_IDENTITY[sdk=macosx*]" = "Apple Development";
				CODE_SIGN_STYLE = Automatic;
				COMBINE_HIDPI_IMAGES = YES;
				CURRENT_PROJECT_VERSION = 1;
				DEVELOPMENT_TEAM = G325PL7HW2;
				ENABLE_HARDENED_RUNTIME = YES;
				GENERATE_INFOPLIST_FILE = YES;
				INFOPLIST_FILE = CleanDay/Info.plist;
				INFOPLIST_KEY_CFBundleDisplayName = "오늘도맑음";
				INFOPLIST_KEY_LSApplicationCategoryType = "public.app-category.weather";
				INFOPLIST_KEY_LSUIElement = YES;
				INFOPLIST_KEY_NSHumanReadableCopyright = "";
				INFOPLIST_KEY_NSLocationAlwaysAndWhenInUseUsageDescription = "오늘도맑음";
				INFOPLIST_KEY_NSLocationUsageDescription = "오늘도맑음";
				INFOPLIST_KEY_NSLocationWhenInUseUsageDescription = "오늘도맑음";
				INFOPLIST_KEY_NSMainStoryboardFile = Main;
				INFOPLIST_KEY_NSPrincipalClass = NSApplication;
				INFOPLIST_KEY_UILaunchStoryboardName = Main.storyboard;
				LD_RUNPATH_SEARCH_PATHS = (
					"$(inherited)",
					"@executable_path/../Frameworks",
				);
				MACOSX_DEPLOYMENT_TARGET = 13.0;
				MARKETING_VERSION = 1.0.0.0;
				PRODUCT_BUNDLE_IDENTIFIER = com.ChangYeopYang.CleanDay;
				PRODUCT_NAME = "$(TARGET_NAME)";
				SWIFT_EMIT_LOC_STRINGS = YES;
				SWIFT_OBJC_BRIDGING_HEADER = "CleanDay/CleanDay-Bridging-Header.h";
				SWIFT_VERSION = 5.0;
			};
			name = Release;
		};
		15A304892939E85300A5BCFA /* Debug */ = {
			isa = XCBuildConfiguration;
			buildSettings = {
				CODE_SIGN_STYLE = Automatic;
				DEVELOPMENT_TEAM = G325PL7HW2;
				PRODUCT_NAME = "$(TARGET_NAME)";
			};
			name = Debug;
		};
		15A3048A2939E85300A5BCFA /* Release */ = {
			isa = XCBuildConfiguration;
			buildSettings = {
				CODE_SIGN_STYLE = Automatic;
				DEVELOPMENT_TEAM = G325PL7HW2;
				PRODUCT_NAME = "$(TARGET_NAME)";
			};
			name = Release;
		};
/* End XCBuildConfiguration section */

/* Begin XCConfigurationList section */
		151D1CAD29100EB7000CB8D7 /* Build configuration list for PBXProject "CleanDay" */ = {
			isa = XCConfigurationList;
			buildConfigurations = (
				151D1CC229100EBA000CB8D7 /* Debug */,
				151D1CC329100EBA000CB8D7 /* Release */,
			);
			defaultConfigurationIsVisible = 0;
			defaultConfigurationName = Release;
		};
		151D1CC429100EBA000CB8D7 /* Build configuration list for PBXNativeTarget "CleanDay" */ = {
			isa = XCConfigurationList;
			buildConfigurations = (
				151D1CC529100EBA000CB8D7 /* Debug */,
				151D1CC629100EBA000CB8D7 /* Release */,
			);
			defaultConfigurationIsVisible = 0;
			defaultConfigurationName = Release;
		};
		15A304882939E85300A5BCFA /* Build configuration list for PBXAggregateTarget "Preaction-SwiftLint" */ = {
			isa = XCConfigurationList;
			buildConfigurations = (
				15A304892939E85300A5BCFA /* Debug */,
				15A3048A2939E85300A5BCFA /* Release */,
			);
			defaultConfigurationIsVisible = 0;
			defaultConfigurationName = Release;
		};
/* End XCConfigurationList section */

/* Begin XCSwiftPackageProductDependency section */
		152CF5EB2918E05100517C02 /* Beltex */ = {
			isa = XCSwiftPackageProductDependency;
			productName = Beltex;
		};
		152CF5ED2918E05100517C02 /* SystemKit */ = {
			isa = XCSwiftPackageProductDependency;
			productName = SystemKit;
		};
		15A33589293CB74E007443A4 /* CleanDayLibrary */ = {
			isa = XCSwiftPackageProductDependency;
			productName = CleanDayLibrary;
		};
/* End XCSwiftPackageProductDependency section */

/* Begin XCVersionGroup section */
		151D1CB929100EB8000CB8D7 /* CleanDay.xcdatamodeld */ = {
			isa = XCVersionGroup;
			children = (
				151D1CBA29100EB8000CB8D7 /* CleanDay.xcdatamodel */,
			);
			currentVersion = 151D1CBA29100EB8000CB8D7 /* CleanDay.xcdatamodel */;
			path = CleanDay.xcdatamodeld;
			sourceTree = "<group>";
			versionGroupType = wrapper.xcdatamodel;
		};
/* End XCVersionGroup section */
	};
	rootObject = 151D1CAA29100EB7000CB8D7 /* Project object */;
}
